{
    "_readme": [
        "This file locks the dependencies of your project to a known state",
        "Read more about it at https://getcomposer.org/doc/01-basic-usage.md#installing-dependencies",
        "This file is @generated automatically"
    ],
    "content-hash": "bc918566bfd30a8fdfdaf313af8a8702",
    "packages": [
        {
            "name": "fzaninotto/faker",
            "version": "v1.9.1",
            "source": {
                "type": "git",
                "url": "https://github.com/fzaninotto/Faker.git",
                "reference": "fc10d778e4b84d5bd315dad194661e091d307c6f"
            },
            "dist": {
                "type": "zip",
                "url": "https://api.github.com/repos/fzaninotto/Faker/zipball/fc10d778e4b84d5bd315dad194661e091d307c6f",
                "reference": "fc10d778e4b84d5bd315dad194661e091d307c6f",
                "shasum": ""
            },
            "require": {
                "php": "^5.3.3 || ^7.0"
            },
            "require-dev": {
                "ext-intl": "*",
                "phpunit/phpunit": "^4.8.35 || ^5.7",
                "squizlabs/php_codesniffer": "^2.9.2"
            },
            "type": "library",
            "extra": {
                "branch-alias": {
                    "dev-master": "1.9-dev"
                }
            },
            "autoload": {
                "psr-4": {
                    "Faker\\": "src/Faker/"
                }
            },
            "notification-url": "https://packagist.org/downloads/",
            "license": [
                "MIT"
            ],
            "authors": [
                {
                    "name": "François Zaninotto"
                }
            ],
            "description": "Faker is a PHP library that generates fake data for you.",
            "keywords": [
                "data",
                "faker",
                "fixtures"
            ],
            "time": "2019-12-12T13:22:17+00:00"
        },
        {
            "name": "iamdual/uploader",
            "version": "v0.2.4",
            "source": {
                "type": "git",
                "url": "https://github.com/iamdual/uploader.git",
                "reference": "0ed4396dc7400198e2b01d01bdb2ba8627e7cbfc"
            },
            "dist": {
                "type": "zip",
                "url": "https://api.github.com/repos/iamdual/uploader/zipball/0ed4396dc7400198e2b01d01bdb2ba8627e7cbfc",
                "reference": "0ed4396dc7400198e2b01d01bdb2ba8627e7cbfc",
                "shasum": ""
            },
            "require": {
                "php": ">=5.4.0"
            },
            "require-dev": {
                "phpunit/phpunit": "^5"
            },
            "type": "library",
            "autoload": {
                "psr-4": {
                    "iamdual\\": "src/"
                }
            },
            "notification-url": "https://packagist.org/downloads/",
            "license": [
                "Apache-2.0"
            ],
            "authors": [
                {
                    "name": "Ekin Karadeniz",
                    "email": "imduual@gmail.com"
                }
            ],
            "description": "Safe, simple and useful file upload class for PHP.",
            "homepage": "https://github.com/iamdual/uploader",
            "support": {
                "issues": "https://github.com/iamdual/uploader/issues",
                "source": "https://github.com/iamdual/uploader/tree/v0.2.4"
            },
            "time": "2020-09-17T22:20:58+00:00"
        }
    ],
    "packages-dev": [],
    "aliases": [],
    "minimum-stability": "stable",
    "stability-flags": [],
    "prefer-stable": false,
    "prefer-lowest": false,
    "platform": [],
    "platform-dev": [],
    "plugin-api-version": "2.0.0"
}
